
Microsoft Visual Studio Solution File, Format Version 12.00
# Visual Studio 2013
VisualStudioVersion = 12.0.31101.0
MinimumVisualStudioVersion = 10.0.40219.1
Project("{2150E333-8FDC-42A3-9474-1A3956D46DE8}") = ".nuget", ".nuget", "{4FCE6234-C3A5-40E4-B5F3-89A6CA6C7056}"
	ProjectSection(SolutionItems) = preProject
		.nuget\NuGet.Config = .nuget\NuGet.Config
		.nuget\NuGet.exe = .nuget\NuGet.exe
		.nuget\NuGet.targets = .nuget\NuGet.targets
	EndProjectSection
EndProject
Project("{FAE04EC0-301F-11D3-BF4B-00C04F79EFBC}") = "SimpleRBM.Common", "SimpleRBM.Common\SimpleRBM.Common.csproj", "{62C68210-6A25-4E4C-A840-E85629403C3B}"
EndProject
Project("{FAE04EC0-301F-11D3-BF4B-00C04F79EFBC}") = "SimpleRBM.Demo", "SimpleRBM.Demo\SimpleRBM.Demo.csproj", "{F59AB3BC-09AD-4B74-8532-E81414372394}"
EndProject
Project("{FAE04EC0-301F-11D3-BF4B-00C04F79EFBC}") = "SimpleRBM.Cuda", "SimpleRBM.Cuda\SimpleRBM.Cuda.csproj", "{2A56883F-FAB7-4D72-BCEF-D5F035BD1C84}"
EndProject
Project("{FAE04EC0-301F-11D3-BF4B-00C04F79EFBC}") = "SimpleRBM.MultiDim", "SimpleRBM.MultiDim\SimpleRBM.MultiDim.csproj", "{8F6BCAC0-DDB3-4AA9-8435-690C698E7D9B}"
EndProject
Project("{FAE04EC0-301F-11D3-BF4B-00C04F79EFBC}") = "SimpleRBM.Jagged", "SimpleRBM.Jagged\SimpleRBM.Jagged.csproj", "{2E700A9D-309D-4768-A277-8E9ADE30EC37}"
EndProject
Project("{FAE04EC0-301F-11D3-BF4B-00C04F79EFBC}") = "SimpleRBM.Test", "SimpleRBM.Test\SimpleRBM.Test.csproj", "{106DC0C4-B461-461D-BE52-3E4A9495FAF3}"
EndProject
Project("{FAE04EC0-301F-11D3-BF4B-00C04F79EFBC}") = "CudaNN", "RbmHidLinear\CudaNN.csproj", "{971C0731-4C8B-4BC8-AAB9-EE683E19DFEB}"
EndProject
Project("{2150E333-8FDC-42A3-9474-1A3956D46DE8}") = "lib", "lib", "{0CB4A121-1519-4A06-A738-8DBA3F8CF053}"
	ProjectSection(SolutionItems) = preProject
		CudafyV1.28CustomBuild\Cloo.dll = CudafyV1.28CustomBuild\Cloo.dll
		CudafyV1.28CustomBuild\Cloo.pdb = CudafyV1.28CustomBuild\Cloo.pdb
		CudafyV1.28CustomBuild\Cloo.xml = CudafyV1.28CustomBuild\Cloo.xml
		CudafyV1.28CustomBuild\CUDA.NET.dll = CudafyV1.28CustomBuild\CUDA.NET.dll
		CudafyV1.28CustomBuild\CUDA.NET.pdb = CudafyV1.28CustomBuild\CUDA.NET.pdb
		CudafyV1.28CustomBuild\Cudafy.dll = CudafyV1.28CustomBuild\Cudafy.dll
		CudafyV1.28CustomBuild\Cudafy.Host.dll = CudafyV1.28CustomBuild\Cudafy.Host.dll
		CudafyV1.28CustomBuild\Cudafy.Host.pdb = CudafyV1.28CustomBuild\Cudafy.Host.pdb
		CudafyV1.28CustomBuild\Cudafy.Host.xml = CudafyV1.28CustomBuild\Cudafy.Host.xml
		CudafyV1.28CustomBuild\Cudafy.Math.dll = CudafyV1.28CustomBuild\Cudafy.Math.dll
		CudafyV1.28CustomBuild\Cudafy.Math.pdb = CudafyV1.28CustomBuild\Cudafy.Math.pdb
		CudafyV1.28CustomBuild\Cudafy.pdb = CudafyV1.28CustomBuild\Cudafy.pdb
		CudafyV1.28CustomBuild\Cudafy.Translator.dll = CudafyV1.28CustomBuild\Cudafy.Translator.dll
		CudafyV1.28CustomBuild\Cudafy.Translator.pdb = CudafyV1.28CustomBuild\Cudafy.Translator.pdb
		CudafyV1.28CustomBuild\cudafycl.AnyCPU.exe = CudafyV1.28CustomBuild\cudafycl.AnyCPU.exe
		CudafyV1.28CustomBuild\cudafycl.AnyCPU.exe.config = CudafyV1.28CustomBuild\cudafycl.AnyCPU.exe.config
		CudafyV1.28CustomBuild\cudafycl.AnyCPU.pdb = CudafyV1.28CustomBuild\cudafycl.AnyCPU.pdb
		CudafyV1.28CustomBuild\cudafycl.x86.exe = CudafyV1.28CustomBuild\cudafycl.x86.exe
		CudafyV1.28CustomBuild\cudafycl.x86.exe.config = CudafyV1.28CustomBuild\cudafycl.x86.exe.config
		CudafyV1.28CustomBuild\cudafycl.x86.pdb = CudafyV1.28CustomBuild\cudafycl.x86.pdb
		CudafyV1.28CustomBuild\CudafyViewer.AnyCPU.exe = CudafyV1.28CustomBuild\CudafyViewer.AnyCPU.exe
		CudafyV1.28CustomBuild\CudafyViewer.AnyCPU.exe.config = CudafyV1.28CustomBuild\CudafyViewer.AnyCPU.exe.config
		CudafyV1.28CustomBuild\CudafyViewer.AnyCPU.pdb = CudafyV1.28CustomBuild\CudafyViewer.AnyCPU.pdb
		CudafyV1.28CustomBuild\CudafyViewer.x86.exe = CudafyV1.28CustomBuild\CudafyViewer.x86.exe
		CudafyV1.28CustomBuild\CudafyViewer.x86.exe.config = CudafyV1.28CustomBuild\CudafyViewer.x86.exe.config
		CudafyV1.28CustomBuild\CudafyViewer.x86.pdb = CudafyV1.28CustomBuild\CudafyViewer.x86.pdb
	EndProjectSection
EndProject
Global
	GlobalSection(SolutionConfigurationPlatforms) = preSolution
		Debug|Any CPU = Debug|Any CPU
		Debug|x64 = Debug|x64
		Debug|x86 = Debug|x86
		Release|Any CPU = Release|Any CPU
		Release|x64 = Release|x64
		Release|x86 = Release|x86
	EndGlobalSection
	GlobalSection(ProjectConfigurationPlatforms) = postSolution
		{62C68210-6A25-4E4C-A840-E85629403C3B}.Debug|Any CPU.ActiveCfg = Debug|Any CPU
		{62C68210-6A25-4E4C-A840-E85629403C3B}.Debug|Any CPU.Build.0 = Debug|Any CPU
		{62C68210-6A25-4E4C-A840-E85629403C3B}.Debug|x64.ActiveCfg = Debug|x64
		{62C68210-6A25-4E4C-A840-E85629403C3B}.Debug|x64.Build.0 = Debug|x64
		{62C68210-6A25-4E4C-A840-E85629403C3B}.Debug|x86.ActiveCfg = Debug|x86
		{62C68210-6A25-4E4C-A840-E85629403C3B}.Debug|x86.Build.0 = Debug|x86
		{62C68210-6A25-4E4C-A840-E85629403C3B}.Release|Any CPU.ActiveCfg = Release|Any CPU
		{62C68210-6A25-4E4C-A840-E85629403C3B}.Release|Any CPU.Build.0 = Release|Any CPU
		{62C68210-6A25-4E4C-A840-E85629403C3B}.Release|x64.ActiveCfg = Release|x64
		{62C68210-6A25-4E4C-A840-E85629403C3B}.Release|x64.Build.0 = Release|x64
		{62C68210-6A25-4E4C-A840-E85629403C3B}.Release|x86.ActiveCfg = Release|x86
		{62C68210-6A25-4E4C-A840-E85629403C3B}.Release|x86.Build.0 = Release|x86
		{F59AB3BC-09AD-4B74-8532-E81414372394}.Debug|Any CPU.ActiveCfg = Debug|Any CPU
		{F59AB3BC-09AD-4B74-8532-E81414372394}.Debug|Any CPU.Build.0 = Debug|Any CPU
		{F59AB3BC-09AD-4B74-8532-E81414372394}.Debug|x64.ActiveCfg = Debug|x64
		{F59AB3BC-09AD-4B74-8532-E81414372394}.Debug|x64.Build.0 = Debug|x64
		{F59AB3BC-09AD-4B74-8532-E81414372394}.Debug|x86.ActiveCfg = Debug|x86
		{F59AB3BC-09AD-4B74-8532-E81414372394}.Debug|x86.Build.0 = Debug|x86
		{F59AB3BC-09AD-4B74-8532-E81414372394}.Release|Any CPU.ActiveCfg = Release|Any CPU
		{F59AB3BC-09AD-4B74-8532-E81414372394}.Release|Any CPU.Build.0 = Release|Any CPU
		{F59AB3BC-09AD-4B74-8532-E81414372394}.Release|x64.ActiveCfg = Release|x64
		{F59AB3BC-09AD-4B74-8532-E81414372394}.Release|x64.Build.0 = Release|x64
		{F59AB3BC-09AD-4B74-8532-E81414372394}.Release|x86.ActiveCfg = Release|x86
		{F59AB3BC-09AD-4B74-8532-E81414372394}.Release|x86.Build.0 = Release|x86
		{2A56883F-FAB7-4D72-BCEF-D5F035BD1C84}.Debug|Any CPU.ActiveCfg = Debug|Any CPU
		{2A56883F-FAB7-4D72-BCEF-D5F035BD1C84}.Debug|Any CPU.Build.0 = Debug|Any CPU
		{2A56883F-FAB7-4D72-BCEF-D5F035BD1C84}.Debug|x64.ActiveCfg = Debug|x64
		{2A56883F-FAB7-4D72-BCEF-D5F035BD1C84}.Debug|x64.Build.0 = Debug|x64
		{2A56883F-FAB7-4D72-BCEF-D5F035BD1C84}.Debug|x86.ActiveCfg = Debug|x86
		{2A56883F-FAB7-4D72-BCEF-D5F035BD1C84}.Debug|x86.Build.0 = Debug|x86
		{2A56883F-FAB7-4D72-BCEF-D5F035BD1C84}.Release|Any CPU.ActiveCfg = Release|Any CPU
		{2A56883F-FAB7-4D72-BCEF-D5F035BD1C84}.Release|Any CPU.Build.0 = Release|Any CPU
		{2A56883F-FAB7-4D72-BCEF-D5F035BD1C84}.Release|x64.ActiveCfg = Release|x64
		{2A56883F-FAB7-4D72-BCEF-D5F035BD1C84}.Release|x64.Build.0 = Release|x64
		{2A56883F-FAB7-4D72-BCEF-D5F035BD1C84}.Release|x86.ActiveCfg = Release|x86
		{2A56883F-FAB7-4D72-BCEF-D5F035BD1C84}.Release|x86.Build.0 = Release|x86
		{8F6BCAC0-DDB3-4AA9-8435-690C698E7D9B}.Debug|Any CPU.ActiveCfg = Debug|Any CPU
		{8F6BCAC0-DDB3-4AA9-8435-690C698E7D9B}.Debug|Any CPU.Build.0 = Debug|Any CPU
		{8F6BCAC0-DDB3-4AA9-8435-690C698E7D9B}.Debug|x64.ActiveCfg = Debug|x64
		{8F6BCAC0-DDB3-4AA9-8435-690C698E7D9B}.Debug|x64.Build.0 = Debug|x64
		{8F6BCAC0-DDB3-4AA9-8435-690C698E7D9B}.Debug|x86.ActiveCfg = Debug|x86
		{8F6BCAC0-DDB3-4AA9-8435-690C698E7D9B}.Debug|x86.Build.0 = Debug|x86
		{8F6BCAC0-DDB3-4AA9-8435-690C698E7D9B}.Release|Any CPU.ActiveCfg = Release|Any CPU
		{8F6BCAC0-DDB3-4AA9-8435-690C698E7D9B}.Release|Any CPU.Build.0 = Release|Any CPU
		{8F6BCAC0-DDB3-4AA9-8435-690C698E7D9B}.Release|x64.ActiveCfg = Release|x64
		{8F6BCAC0-DDB3-4AA9-8435-690C698E7D9B}.Release|x64.Build.0 = Release|x64
		{8F6BCAC0-DDB3-4AA9-8435-690C698E7D9B}.Release|x86.ActiveCfg = Release|x86
		{8F6BCAC0-DDB3-4AA9-8435-690C698E7D9B}.Release|x86.Build.0 = Release|x86
		{2E700A9D-309D-4768-A277-8E9ADE30EC37}.Debug|Any CPU.ActiveCfg = Debug|Any CPU
		{2E700A9D-309D-4768-A277-8E9ADE30EC37}.Debug|Any CPU.Build.0 = Debug|Any CPU
		{2E700A9D-309D-4768-A277-8E9ADE30EC37}.Debug|x64.ActiveCfg = Debug|x64
		{2E700A9D-309D-4768-A277-8E9ADE30EC37}.Debug|x64.Build.0 = Debug|x64
		{2E700A9D-309D-4768-A277-8E9ADE30EC37}.Debug|x86.ActiveCfg = Debug|x86
		{2E700A9D-309D-4768-A277-8E9ADE30EC37}.Debug|x86.Build.0 = Debug|x86
		{2E700A9D-309D-4768-A277-8E9ADE30EC37}.Release|Any CPU.ActiveCfg = Release|Any CPU
		{2E700A9D-309D-4768-A277-8E9ADE30EC37}.Release|Any CPU.Build.0 = Release|Any CPU
		{2E700A9D-309D-4768-A277-8E9ADE30EC37}.Release|x64.ActiveCfg = Release|x64
		{2E700A9D-309D-4768-A277-8E9ADE30EC37}.Release|x64.Build.0 = Release|x64
		{2E700A9D-309D-4768-A277-8E9ADE30EC37}.Release|x86.ActiveCfg = Release|x86
		{2E700A9D-309D-4768-A277-8E9ADE30EC37}.Release|x86.Build.0 = Release|x86
		{106DC0C4-B461-461D-BE52-3E4A9495FAF3}.Debug|Any CPU.ActiveCfg = Debug|Any CPU
		{106DC0C4-B461-461D-BE52-3E4A9495FAF3}.Debug|Any CPU.Build.0 = Debug|Any CPU
		{106DC0C4-B461-461D-BE52-3E4A9495FAF3}.Debug|x64.ActiveCfg = Debug|x64
		{106DC0C4-B461-461D-BE52-3E4A9495FAF3}.Debug|x64.Build.0 = Debug|x64
		{106DC0C4-B461-461D-BE52-3E4A9495FAF3}.Debug|x86.ActiveCfg = Debug|x86
		{106DC0C4-B461-461D-BE52-3E4A9495FAF3}.Debug|x86.Build.0 = Debug|x86
		{106DC0C4-B461-461D-BE52-3E4A9495FAF3}.Release|Any CPU.ActiveCfg = Release|Any CPU
		{106DC0C4-B461-461D-BE52-3E4A9495FAF3}.Release|Any CPU.Build.0 = Release|Any CPU
		{106DC0C4-B461-461D-BE52-3E4A9495FAF3}.Release|x64.ActiveCfg = Release|x64
		{106DC0C4-B461-461D-BE52-3E4A9495FAF3}.Release|x64.Build.0 = Release|x64
		{106DC0C4-B461-461D-BE52-3E4A9495FAF3}.Release|x86.ActiveCfg = Release|x86
		{106DC0C4-B461-461D-BE52-3E4A9495FAF3}.Release|x86.Build.0 = Release|x86
		{971C0731-4C8B-4BC8-AAB9-EE683E19DFEB}.Debug|Any CPU.ActiveCfg = Debug|Any CPU
		{971C0731-4C8B-4BC8-AAB9-EE683E19DFEB}.Debug|Any CPU.Build.0 = Debug|Any CPU
		{971C0731-4C8B-4BC8-AAB9-EE683E19DFEB}.Debug|x64.ActiveCfg = Debug|Any CPU
		{971C0731-4C8B-4BC8-AAB9-EE683E19DFEB}.Debug|x64.Build.0 = Debug|Any CPU
		{971C0731-4C8B-4BC8-AAB9-EE683E19DFEB}.Debug|x86.ActiveCfg = Debug|x86
		{971C0731-4C8B-4BC8-AAB9-EE683E19DFEB}.Debug|x86.Build.0 = Debug|x86
		{971C0731-4C8B-4BC8-AAB9-EE683E19DFEB}.Release|Any CPU.ActiveCfg = Release|Any CPU
		{971C0731-4C8B-4BC8-AAB9-EE683E19DFEB}.Release|Any CPU.Build.0 = Release|Any CPU
		{971C0731-4C8B-4BC8-AAB9-EE683E19DFEB}.Release|x64.ActiveCfg = Release|x64
		{971C0731-4C8B-4BC8-AAB9-EE683E19DFEB}.Release|x64.Build.0 = Release|x64
		{971C0731-4C8B-4BC8-AAB9-EE683E19DFEB}.Release|x86.ActiveCfg = Release|x86
		{971C0731-4C8B-4BC8-AAB9-EE683E19DFEB}.Release|x86.Build.0 = Release|x86
	EndGlobalSection
	GlobalSection(SolutionProperties) = preSolution
		HideSolutionNode = FALSE
	EndGlobalSection
EndGlobal
